PODS:
  - Marshal (1.2.7)
  - RxBlocking (5.1.1):
    - RxSwift (~> 5)
  - RxCocoa (5.1.1):
    - RxRelay (~> 5)
    - RxSwift (~> 5)
  - RxRelay (5.1.1):
    - RxSwift (~> 5)
  - RxSwift (5.1.1)
  - RxTest (5.1.1):
    - RxSwift (~> 5)
  - SDWebImage (5.7.4):
    - SDWebImage/Core (= 5.7.4)
  - SDWebImage/Core (5.7.4)
  - SDWebImageSwiftUI (1.4.0):
    - SDWebImage (~> 5.7)
  - SwiftTwitch (0.1.1):
    - Marshal (~> 1.2.7)
  - TwitchPlayer (0.2.3)

DEPENDENCIES:
  - RxBlocking (~> 5)
  - RxCocoa (~> 5)
  - RxSwift (~> 5)
  - RxTest (~> 5)
  - SDWebImageSwiftUI
  - SwiftTwitch (from `https://github.com/jlavyan/SwiftTwitch`, branch `fix/client-id`)
  - TwitchPlayer

SPEC REPOS:
  trunk:
    - Marshal
    - RxBlocking
    - RxCocoa
    - RxRelay
    - RxSwift
    - RxTest
    - SDWebImage
    - SDWebImageSwiftUI
    - TwitchPlayer

EXTERNAL SOURCES:
  SwiftTwitch:
    :branch: fix/client-id
    :git: https://github.com/jlavyan/SwiftTwitch

CHECKOUT OPTIONS:
  SwiftTwitch:
    :commit: f4e38da7fccbe47dc20465b942a69a6ede829039
    :git: https://github.com/jlavyan/SwiftTwitch

SPEC CHECKSUMS:
  Marshal: ef480864a6af10a63f67be7e55bb5d8fe67a16d9
  RxBlocking: 5f700a78cad61ce253ebd37c9a39b5ccc76477b4
  RxCocoa: 32065309a38d29b5b0db858819b5bf9ef038b601
  RxRelay: d77f7d771495f43c556cbc43eebd1bb54d01e8e9
  RxSwift: 81470a2074fa8780320ea5fe4102807cb7118178
  RxTest: 711632d5644dffbeb62c936a521b5b008a1e1faa
  SDWebImage: 48b88379b798fd1e4298f95bb25d2cdabbf4deb3
  SDWebImageSwiftUI: 034806fc7e19e0a36157fb8ecb9fc0437cc75230
  SwiftTwitch: 95fb0dcb5e2830f0991d15492f1e07b936d174e8
  TwitchPlayer: 60e9999dec4f74121685eec0b6e9843c2b44d794

PODFILE CHECKSUM: ed4ebe407deda0a1c7197bbfad98c8c2beb64adb

COCOAPODS: 1.8.4
